
Microsoft Visual Studio Solution File, Format Version 12.00
# Visual Studio Version 16
VisualStudioVersion = 16.0.29025.244
MinimumVisualStudioVersion = 10.0.40219.1
Project("{FAE04EC0-301F-11D3-BF4B-00C04F79EFBC}") = "Ram Memory", "Ram Memory\Ram Memory.csproj", "{7AB9B886-F3B1-4640-91AB-5F1E2F123844}"
EndProject
Global
	GlobalSection(SolutionConfigurationPlatforms) = preSolution
		Debug|Any CPU = Debug|Any CPU
		Release|Any CPU = Release|Any CPU
	EndGlobalSection
	GlobalSection(ProjectConfigurationPlatforms) = postSolution
		{7AB9B886-F3B1-4640-91AB-5F1E2F123844}.Debug|Any CPU.ActiveCfg = Debug|Any CPU
		{7AB9B886-F3B1-4640-91AB-5F1E2F123844}.Debug|Any CPU.Build.0 = Debug|Any CPU
		{7AB9B886-F3B1-4640-91AB-5F1E2F123844}.Release|Any CPU.ActiveCfg = Release|Any CPU
		{7AB9B886-F3B1-4640-91AB-5F1E2F123844}.Release|Any CPU.Build.0 = Release|Any CPU
	EndGlobalSection
	GlobalSection(SolutionProperties) = preSolution
		HideSolutionNode = FALSE
	EndGlobalSection
	GlobalSection(ExtensibilityGlobals) = postSolution
		SolutionGuid = {37E8F6E8-C0CC-436C-95E4-DA4197F59BEA}
	EndGlobalSection
EndGlobal
